
Microsoft Visual Studio Solution File, Format Version 12.00
# Visual Studio Version 16
VisualStudioVersion = 16.0.30002.166
MinimumVisualStudioVersion = 10.0.40219.1
Project("{FAE04EC0-301F-11D3-BF4B-00C04F79EFBC}") = "EFCore.CodeFirst.WebApi", "EFCore.CodeFirst.WebApi\EFCore.CodeFirst.WebApi.csproj", "{C225434F-43E5-4F62-B8DA-955CCC5BB7D5}"
EndProject
Global
	GlobalSection(SolutionConfigurationPlatforms) = preSolution
		Debug|Any CPU = Debug|Any CPU
		Release|Any CPU = Release|Any CPU
	EndGlobalSection
	GlobalSection(ProjectConfigurationPlatforms) = postSolution
		{C225434F-43E5-4F62-B8DA-955CCC5BB7D5}.Debug|Any CPU.ActiveCfg = Debug|Any CPU
		{C225434F-43E5-4F62-B8DA-955CCC5BB7D5}.Debug|Any CPU.Build.0 = Debug|Any CPU
		{C225434F-43E5-4F62-B8DA-955CCC5BB7D5}.Release|Any CPU.ActiveCfg = Release|Any CPU
		{C225434F-43E5-4F62-B8DA-955CCC5BB7D5}.Release|Any CPU.Build.0 = Release|Any CPU
	EndGlobalSection
	GlobalSection(SolutionProperties) = preSolution
		HideSolutionNode = FALSE
	EndGlobalSection
	GlobalSection(ExtensibilityGlobals) = postSolution
		SolutionGuid = {98782A40-3747-43DF-89CA-9F93FA20D398}
	EndGlobalSection
EndGlobal
